
Microsoft Visual Studio Solution File, Format Version 12.00
# Visual Studio Version 16
VisualStudioVersion = 16.0.810.20
MinimumVisualStudioVersion = 10.0.40219.1
Project("{FAE04EC0-301F-11D3-BF4B-00C04F79EFBC}") = "farmacia", "farmacia\farmacia.csproj", "{4A718FFB-8B53-4585-8DB5-6D6C63C2816C}"
EndProject
Global
	GlobalSection(SolutionConfigurationPlatforms) = preSolution
		Debug|anycpu = Debug|anycpu
		Release|anycpu = Release|anycpu
	EndGlobalSection
	GlobalSection(ProjectConfigurationPlatforms) = postSolution
		{4A718FFB-8B53-4585-8DB5-6D6C63C2816C}.Debug|anycpu.ActiveCfg = Debug|anycpu
		{4A718FFB-8B53-4585-8DB5-6D6C63C2816C}.Debug|anycpu.Build.0 = Debug|anycpu
		{4A718FFB-8B53-4585-8DB5-6D6C63C2816C}.Release|anycpu.ActiveCfg = Release|anycpu
		{4A718FFB-8B53-4585-8DB5-6D6C63C2816C}.Release|anycpu.Build.0 = Release|anycpu
	EndGlobalSection
	GlobalSection(SolutionProperties) = preSolution
		HideSolutionNode = FALSE
	EndGlobalSection
	GlobalSection(ExtensibilityGlobals) = postSolution
		SolutionGuid = {27BFA126-39AA-4B65-BB3F-1BE43E08E696}
	EndGlobalSection
EndGlobal
