
Microsoft Visual Studio Solution File, Format Version 12.00
# Visual Studio Version 16
VisualStudioVersion = 16.0.30907.101
MinimumVisualStudioVersion = 10.0.40219.1
Project("{FAE04EC0-301F-11D3-BF4B-00C04F79EFBC}") = "EvidentaStudenti", "EvidentaStudenti\EvidentaStudenti.csproj", "{715B5955-9FDE-4077-9153-0C6C82C403CE}"
EndProject
Project("{FAE04EC0-301F-11D3-BF4B-00C04F79EFBC}") = "LibrarieModele", "LibrarieModele\LibrarieModele.csproj", "{F97EAB45-8CCA-4FF2-AF1D-DF3B0059A028}"
EndProject
Project("{FAE04EC0-301F-11D3-BF4B-00C04F79EFBC}") = "NivelStocareDate", "NivelStocareDate\NivelStocareDate.csproj", "{F7A1654D-F953-46B1-8CAE-7580B2FF9639}"
EndProject
Global
	GlobalSection(SolutionConfigurationPlatforms) = preSolution
		Debug|Any CPU = Debug|Any CPU
		Release|Any CPU = Release|Any CPU
	EndGlobalSection
	GlobalSection(ProjectConfigurationPlatforms) = postSolution
		{715B5955-9FDE-4077-9153-0C6C82C403CE}.Debug|Any CPU.ActiveCfg = Debug|Any CPU
		{715B5955-9FDE-4077-9153-0C6C82C403CE}.Debug|Any CPU.Build.0 = Debug|Any CPU
		{715B5955-9FDE-4077-9153-0C6C82C403CE}.Release|Any CPU.ActiveCfg = Release|Any CPU
		{715B5955-9FDE-4077-9153-0C6C82C403CE}.Release|Any CPU.Build.0 = Release|Any CPU
		{F97EAB45-8CCA-4FF2-AF1D-DF3B0059A028}.Debug|Any CPU.ActiveCfg = Debug|Any CPU
		{F97EAB45-8CCA-4FF2-AF1D-DF3B0059A028}.Debug|Any CPU.Build.0 = Debug|Any CPU
		{F97EAB45-8CCA-4FF2-AF1D-DF3B0059A028}.Release|Any CPU.ActiveCfg = Release|Any CPU
		{F97EAB45-8CCA-4FF2-AF1D-DF3B0059A028}.Release|Any CPU.Build.0 = Release|Any CPU
		{F7A1654D-F953-46B1-8CAE-7580B2FF9639}.Debug|Any CPU.ActiveCfg = Debug|Any CPU
		{F7A1654D-F953-46B1-8CAE-7580B2FF9639}.Debug|Any CPU.Build.0 = Debug|Any CPU
		{F7A1654D-F953-46B1-8CAE-7580B2FF9639}.Release|Any CPU.ActiveCfg = Release|Any CPU
		{F7A1654D-F953-46B1-8CAE-7580B2FF9639}.Release|Any CPU.Build.0 = Release|Any CPU
	EndGlobalSection
	GlobalSection(SolutionProperties) = preSolution
		HideSolutionNode = FALSE
	EndGlobalSection
	GlobalSection(ExtensibilityGlobals) = postSolution
		SolutionGuid = {2627DD69-5605-490F-ABED-98FF50FDEB4A}
	EndGlobalSection
EndGlobal
